
Microsoft Visual Studio Solution File, Format Version 12.00
# Visual Studio Version 16
VisualStudioVersion = 16.0.31515.178
MinimumVisualStudioVersion = 10.0.40219.1
Project("{A07B5EB6-E848-4116-A8D0-A826331D98C6}") = "ECommerce", "ECommerce\ECommerce.sfproj", "{C96F47B0-B40E-4299-92A0-1CDE36E29CBF}"
EndProject
Project("{FAE04EC0-301F-11D3-BF4B-00C04F79EFBC}") = "ECommerce.ProductCatalog", "ECommerce.ProductCatalog\ECommerce.ProductCatalog.csproj", "{EC8DC10B-B254-43E9-8AEF-6FD1DCD29E3E}"
EndProject
Project("{FAE04EC0-301F-11D3-BF4B-00C04F79EFBC}") = "ECommerce.ProductCatalog.Model", "ECommerce.ProductCatalog.Model\ECommerce.ProductCatalog.Model.csproj", "{68F6AF9D-EA8A-4380-AD55-1625CB4A7FDF}"
EndProject
Project("{FAE04EC0-301F-11D3-BF4B-00C04F79EFBC}") = "ECommerce.API", "ECommerce.API\ECommerce.API.csproj", "{DBDFC3D5-8384-40EC-85A9-E788ACD6F6A8}"
EndProject
Project("{FAE04EC0-301F-11D3-BF4B-00C04F79EFBC}") = "UserActor", "UserActor\UserActor.csproj", "{991740B3-BB23-473B-9B7F-AF5CF867F6B3}"
EndProject
Project("{FAE04EC0-301F-11D3-BF4B-00C04F79EFBC}") = "UserActor.Interfaces", "UserActor.Interfaces\UserActor.Interfaces.csproj", "{1BBB2D68-25CE-413D-8D6E-FF60A863116B}"
EndProject
Global
	GlobalSection(SolutionConfigurationPlatforms) = preSolution
		Debug|Any CPU = Debug|Any CPU
		Debug|x64 = Debug|x64
		Release|Any CPU = Release|Any CPU
		Release|x64 = Release|x64
	EndGlobalSection
	GlobalSection(ProjectConfigurationPlatforms) = postSolution
		{C96F47B0-B40E-4299-92A0-1CDE36E29CBF}.Debug|Any CPU.ActiveCfg = Debug|x64
		{C96F47B0-B40E-4299-92A0-1CDE36E29CBF}.Debug|x64.ActiveCfg = Debug|x64
		{C96F47B0-B40E-4299-92A0-1CDE36E29CBF}.Debug|x64.Build.0 = Debug|x64
		{C96F47B0-B40E-4299-92A0-1CDE36E29CBF}.Debug|x64.Deploy.0 = Debug|x64
		{C96F47B0-B40E-4299-92A0-1CDE36E29CBF}.Release|Any CPU.ActiveCfg = Release|x64
		{C96F47B0-B40E-4299-92A0-1CDE36E29CBF}.Release|x64.ActiveCfg = Release|x64
		{C96F47B0-B40E-4299-92A0-1CDE36E29CBF}.Release|x64.Build.0 = Release|x64
		{C96F47B0-B40E-4299-92A0-1CDE36E29CBF}.Release|x64.Deploy.0 = Release|x64
		{EC8DC10B-B254-43E9-8AEF-6FD1DCD29E3E}.Debug|Any CPU.ActiveCfg = Debug|Any CPU
		{EC8DC10B-B254-43E9-8AEF-6FD1DCD29E3E}.Debug|Any CPU.Build.0 = Debug|Any CPU
		{EC8DC10B-B254-43E9-8AEF-6FD1DCD29E3E}.Debug|x64.ActiveCfg = Debug|Any CPU
		{EC8DC10B-B254-43E9-8AEF-6FD1DCD29E3E}.Debug|x64.Build.0 = Debug|Any CPU
		{EC8DC10B-B254-43E9-8AEF-6FD1DCD29E3E}.Release|Any CPU.ActiveCfg = Release|Any CPU
		{EC8DC10B-B254-43E9-8AEF-6FD1DCD29E3E}.Release|Any CPU.Build.0 = Release|Any CPU
		{EC8DC10B-B254-43E9-8AEF-6FD1DCD29E3E}.Release|x64.ActiveCfg = Release|Any CPU
		{EC8DC10B-B254-43E9-8AEF-6FD1DCD29E3E}.Release|x64.Build.0 = Release|Any CPU
		{68F6AF9D-EA8A-4380-AD55-1625CB4A7FDF}.Debug|Any CPU.ActiveCfg = Debug|Any CPU
		{68F6AF9D-EA8A-4380-AD55-1625CB4A7FDF}.Debug|Any CPU.Build.0 = Debug|Any CPU
		{68F6AF9D-EA8A-4380-AD55-1625CB4A7FDF}.Debug|x64.ActiveCfg = Debug|Any CPU
		{68F6AF9D-EA8A-4380-AD55-1625CB4A7FDF}.Debug|x64.Build.0 = Debug|Any CPU
		{68F6AF9D-EA8A-4380-AD55-1625CB4A7FDF}.Release|Any CPU.ActiveCfg = Release|Any CPU
		{68F6AF9D-EA8A-4380-AD55-1625CB4A7FDF}.Release|Any CPU.Build.0 = Release|Any CPU
		{68F6AF9D-EA8A-4380-AD55-1625CB4A7FDF}.Release|x64.ActiveCfg = Release|Any CPU
		{68F6AF9D-EA8A-4380-AD55-1625CB4A7FDF}.Release|x64.Build.0 = Release|Any CPU
		{DBDFC3D5-8384-40EC-85A9-E788ACD6F6A8}.Debug|Any CPU.ActiveCfg = Debug|Any CPU
		{DBDFC3D5-8384-40EC-85A9-E788ACD6F6A8}.Debug|Any CPU.Build.0 = Debug|Any CPU
		{DBDFC3D5-8384-40EC-85A9-E788ACD6F6A8}.Debug|x64.ActiveCfg = Debug|Any CPU
		{DBDFC3D5-8384-40EC-85A9-E788ACD6F6A8}.Debug|x64.Build.0 = Debug|Any CPU
		{DBDFC3D5-8384-40EC-85A9-E788ACD6F6A8}.Release|Any CPU.ActiveCfg = Release|Any CPU
		{DBDFC3D5-8384-40EC-85A9-E788ACD6F6A8}.Release|Any CPU.Build.0 = Release|Any CPU
		{DBDFC3D5-8384-40EC-85A9-E788ACD6F6A8}.Release|x64.ActiveCfg = Release|Any CPU
		{DBDFC3D5-8384-40EC-85A9-E788ACD6F6A8}.Release|x64.Build.0 = Release|Any CPU
		{991740B3-BB23-473B-9B7F-AF5CF867F6B3}.Debug|Any CPU.ActiveCfg = Debug|Any CPU
		{991740B3-BB23-473B-9B7F-AF5CF867F6B3}.Debug|Any CPU.Build.0 = Debug|Any CPU
		{991740B3-BB23-473B-9B7F-AF5CF867F6B3}.Debug|x64.ActiveCfg = Debug|Any CPU
		{991740B3-BB23-473B-9B7F-AF5CF867F6B3}.Debug|x64.Build.0 = Debug|Any CPU
		{991740B3-BB23-473B-9B7F-AF5CF867F6B3}.Release|Any CPU.ActiveCfg = Release|Any CPU
		{991740B3-BB23-473B-9B7F-AF5CF867F6B3}.Release|Any CPU.Build.0 = Release|Any CPU
		{991740B3-BB23-473B-9B7F-AF5CF867F6B3}.Release|x64.ActiveCfg = Release|Any CPU
		{991740B3-BB23-473B-9B7F-AF5CF867F6B3}.Release|x64.Build.0 = Release|Any CPU
		{1BBB2D68-25CE-413D-8D6E-FF60A863116B}.Debug|Any CPU.ActiveCfg = Debug|Any CPU
		{1BBB2D68-25CE-413D-8D6E-FF60A863116B}.Debug|Any CPU.Build.0 = Debug|Any CPU
		{1BBB2D68-25CE-413D-8D6E-FF60A863116B}.Debug|x64.ActiveCfg = Debug|Any CPU
		{1BBB2D68-25CE-413D-8D6E-FF60A863116B}.Debug|x64.Build.0 = Debug|Any CPU
		{1BBB2D68-25CE-413D-8D6E-FF60A863116B}.Release|Any CPU.ActiveCfg = Release|Any CPU
		{1BBB2D68-25CE-413D-8D6E-FF60A863116B}.Release|Any CPU.Build.0 = Release|Any CPU
		{1BBB2D68-25CE-413D-8D6E-FF60A863116B}.Release|x64.ActiveCfg = Release|Any CPU
		{1BBB2D68-25CE-413D-8D6E-FF60A863116B}.Release|x64.Build.0 = Release|Any CPU
	EndGlobalSection
	GlobalSection(SolutionProperties) = preSolution
		HideSolutionNode = FALSE
	EndGlobalSection
	GlobalSection(ExtensibilityGlobals) = postSolution
		SolutionGuid = {E92AB91F-4291-4651-9EEE-EF713EF8696B}
	EndGlobalSection
EndGlobal
